
Microsoft Visual Studio Solution File, Format Version 12.00
# Visual Studio Version 17
VisualStudioVersion = 17.8.34309.116
MinimumVisualStudioVersion = 10.0.40219.1
Project("{FAE04EC0-301F-11D3-BF4B-00C04F79EFBC}") = "BAIS3150ConsoleAppWebAPIClient", "BAIS3150ConsoleAppWebAPIClient.csproj", "{A535F3F1-835F-462A-925B-2AF3168E7EAE}"
EndProject
Global
	GlobalSection(SolutionConfigurationPlatforms) = preSolution
		Debug|Any CPU = Debug|Any CPU
		Release|Any CPU = Release|Any CPU
	EndGlobalSection
	GlobalSection(ProjectConfigurationPlatforms) = postSolution
		{A535F3F1-835F-462A-925B-2AF3168E7EAE}.Debug|Any CPU.ActiveCfg = Debug|Any CPU
		{A535F3F1-835F-462A-925B-2AF3168E7EAE}.Debug|Any CPU.Build.0 = Debug|Any CPU
		{A535F3F1-835F-462A-925B-2AF3168E7EAE}.Release|Any CPU.ActiveCfg = Release|Any CPU
		{A535F3F1-835F-462A-925B-2AF3168E7EAE}.Release|Any CPU.Build.0 = Release|Any CPU
	EndGlobalSection
	GlobalSection(SolutionProperties) = preSolution
		HideSolutionNode = FALSE
	EndGlobalSection
	GlobalSection(ExtensibilityGlobals) = postSolution
		SolutionGuid = {4A704811-09B9-471B-8488-C2C4402BAFCC}
	EndGlobalSection
EndGlobal
