
Microsoft Visual Studio Solution File, Format Version 12.00
# Visual Studio Version 17
VisualStudioVersion = 17.7.34024.191
MinimumVisualStudioVersion = 10.0.40219.1
Project("{FAE04EC0-301F-11D3-BF4B-00C04F79EFBC}") = "BAIS3110_ASPLab", "BAIS3110_ASPLab.csproj", "{B89F9E9F-6C14-4B90-AB58-FD83FE8DE725}"
EndProject
Global
	GlobalSection(SolutionConfigurationPlatforms) = preSolution
		Debug|Any CPU = Debug|Any CPU
		Release|Any CPU = Release|Any CPU
	EndGlobalSection
	GlobalSection(ProjectConfigurationPlatforms) = postSolution
		{B89F9E9F-6C14-4B90-AB58-FD83FE8DE725}.Debug|Any CPU.ActiveCfg = Debug|Any CPU
		{B89F9E9F-6C14-4B90-AB58-FD83FE8DE725}.Debug|Any CPU.Build.0 = Debug|Any CPU
		{B89F9E9F-6C14-4B90-AB58-FD83FE8DE725}.Release|Any CPU.ActiveCfg = Release|Any CPU
		{B89F9E9F-6C14-4B90-AB58-FD83FE8DE725}.Release|Any CPU.Build.0 = Release|Any CPU
	EndGlobalSection
	GlobalSection(SolutionProperties) = preSolution
		HideSolutionNode = FALSE
	EndGlobalSection
	GlobalSection(ExtensibilityGlobals) = postSolution
		SolutionGuid = {E58AC1E4-1FEF-4BA6-A990-C66ADC97096A}
	EndGlobalSection
EndGlobal
