
Microsoft Visual Studio Solution File, Format Version 12.00
# Visual Studio Version 17
VisualStudioVersion = 17.7.34221.43
MinimumVisualStudioVersion = 10.0.40219.1
Project("{9A19103F-16F7-4668-BE54-9A1E7A4F7556}") = "BAIS3150ASPNETCoreEmptyWebAPI - Backup", "BAIS3150ASPNETCoreEmptyWebAPI - Backup.csproj", "{09EF1283-F53B-45DF-928D-90C2D50A07DB}"
EndProject
Global
	GlobalSection(SolutionConfigurationPlatforms) = preSolution
		Debug|Any CPU = Debug|Any CPU
		Release|Any CPU = Release|Any CPU
	EndGlobalSection
	GlobalSection(ProjectConfigurationPlatforms) = postSolution
		{09EF1283-F53B-45DF-928D-90C2D50A07DB}.Debug|Any CPU.ActiveCfg = Debug|Any CPU
		{09EF1283-F53B-45DF-928D-90C2D50A07DB}.Debug|Any CPU.Build.0 = Debug|Any CPU
		{09EF1283-F53B-45DF-928D-90C2D50A07DB}.Release|Any CPU.ActiveCfg = Release|Any CPU
		{09EF1283-F53B-45DF-928D-90C2D50A07DB}.Release|Any CPU.Build.0 = Release|Any CPU
	EndGlobalSection
	GlobalSection(SolutionProperties) = preSolution
		HideSolutionNode = FALSE
	EndGlobalSection
	GlobalSection(ExtensibilityGlobals) = postSolution
		SolutionGuid = {BDE5BA84-2F96-484E-91BE-D4ACBFE0DBC3}
	EndGlobalSection
EndGlobal
