
Microsoft Visual Studio Solution File, Format Version 12.00
# Visual Studio Version 17
VisualStudioVersion = 17.7.34024.191
MinimumVisualStudioVersion = 10.0.40219.1
Project("{FAE04EC0-301F-11D3-BF4B-00C04F79EFBC}") = "BAIS3150_UI_Razor_Pages_Assignment", "BAIS3150_UI_Razor_Pages_Assignment.csproj", "{E55B6138-4839-4AFA-85A1-3E926964EF42}"
EndProject
Project("{2150E333-8FDC-42A3-9474-1A3956D46DE8}") = "Solution Items", "Solution Items", "{A950E633-7E1F-4189-AB31-2CD6CCB755C5}"
	ProjectSection(SolutionItems) = preProject
		.editorconfig = .editorconfig
	EndProjectSection
EndProject
Global
	GlobalSection(SolutionConfigurationPlatforms) = preSolution
		Debug|Any CPU = Debug|Any CPU
		Release|Any CPU = Release|Any CPU
	EndGlobalSection
	GlobalSection(ProjectConfigurationPlatforms) = postSolution
		{E55B6138-4839-4AFA-85A1-3E926964EF42}.Debug|Any CPU.ActiveCfg = Debug|Any CPU
		{E55B6138-4839-4AFA-85A1-3E926964EF42}.Debug|Any CPU.Build.0 = Debug|Any CPU
		{E55B6138-4839-4AFA-85A1-3E926964EF42}.Release|Any CPU.ActiveCfg = Release|Any CPU
		{E55B6138-4839-4AFA-85A1-3E926964EF42}.Release|Any CPU.Build.0 = Release|Any CPU
	EndGlobalSection
	GlobalSection(SolutionProperties) = preSolution
		HideSolutionNode = FALSE
	EndGlobalSection
	GlobalSection(ExtensibilityGlobals) = postSolution
		SolutionGuid = {53F58384-1C8A-42C1-8A35-0D2634086A35}
	EndGlobalSection
EndGlobal
