
Microsoft Visual Studio Solution File, Format Version 12.00
# Visual Studio Version 17
VisualStudioVersion = 17.7.34024.191
MinimumVisualStudioVersion = 10.0.40219.1
Project("{FAE04EC0-301F-11D3-BF4B-00C04F79EFBC}") = "BAIS3150CodeSampleSystem", "BAIS3150CodeSampleSystem.csproj", "{2CD17897-F45D-45B0-A714-9DC7AF5A1A57}"
EndProject
Global
	GlobalSection(SolutionConfigurationPlatforms) = preSolution
		Debug|Any CPU = Debug|Any CPU
		Release|Any CPU = Release|Any CPU
	EndGlobalSection
	GlobalSection(ProjectConfigurationPlatforms) = postSolution
		{2CD17897-F45D-45B0-A714-9DC7AF5A1A57}.Debug|Any CPU.ActiveCfg = Debug|Any CPU
		{2CD17897-F45D-45B0-A714-9DC7AF5A1A57}.Debug|Any CPU.Build.0 = Debug|Any CPU
		{2CD17897-F45D-45B0-A714-9DC7AF5A1A57}.Release|Any CPU.ActiveCfg = Release|Any CPU
		{2CD17897-F45D-45B0-A714-9DC7AF5A1A57}.Release|Any CPU.Build.0 = Release|Any CPU
	EndGlobalSection
	GlobalSection(SolutionProperties) = preSolution
		HideSolutionNode = FALSE
	EndGlobalSection
	GlobalSection(ExtensibilityGlobals) = postSolution
		SolutionGuid = {5921C704-A928-47AA-B753-1D92193F98FC}
	EndGlobalSection
EndGlobal
