
Microsoft Visual Studio Solution File, Format Version 12.00
# Visual Studio Version 17
VisualStudioVersion = 17.7.34024.191
MinimumVisualStudioVersion = 10.0.40219.1
Project("{FAE04EC0-301F-11D3-BF4B-00C04F79EFBC}") = "BAIS3150ConsoleApp2", "BAIS3150ConsoleApp2.csproj", "{B480C677-EA47-410F-8532-8F71F68976E7}"
EndProject
Global
	GlobalSection(SolutionConfigurationPlatforms) = preSolution
		Debug|Any CPU = Debug|Any CPU
		Release|Any CPU = Release|Any CPU
	EndGlobalSection
	GlobalSection(ProjectConfigurationPlatforms) = postSolution
		{B480C677-EA47-410F-8532-8F71F68976E7}.Debug|Any CPU.ActiveCfg = Debug|Any CPU
		{B480C677-EA47-410F-8532-8F71F68976E7}.Debug|Any CPU.Build.0 = Debug|Any CPU
		{B480C677-EA47-410F-8532-8F71F68976E7}.Release|Any CPU.ActiveCfg = Release|Any CPU
		{B480C677-EA47-410F-8532-8F71F68976E7}.Release|Any CPU.Build.0 = Release|Any CPU
	EndGlobalSection
	GlobalSection(SolutionProperties) = preSolution
		HideSolutionNode = FALSE
	EndGlobalSection
	GlobalSection(ExtensibilityGlobals) = postSolution
		SolutionGuid = {FFF60A4C-7EB4-465F-A718-DECC5BEE6D35}
	EndGlobalSection
EndGlobal
